
Microsoft Visual Studio Solution File, Format Version 11.00
# Visual Studio 2010
Project("{FAE04EC0-301F-11D3-BF4B-00C04F79EFBC}") = "NeteaseM2DServer", "NeteaseM2DServer\NeteaseM2DServer.csproj", "{AE03A0D0-2F76-476F-A1D5-296EDFA5F7E1}"
EndProject
Global
	GlobalSection(SolutionConfigurationPlatforms) = preSolution
		Debug|x86 = Debug|x86
		Release|x86 = Release|x86
	EndGlobalSection
	GlobalSection(ProjectConfigurationPlatforms) = postSolution
		{AE03A0D0-2F76-476F-A1D5-296EDFA5F7E1}.Debug|x86.ActiveCfg = Debug|x86
		{AE03A0D0-2F76-476F-A1D5-296EDFA5F7E1}.Debug|x86.Build.0 = Debug|x86
		{AE03A0D0-2F76-476F-A1D5-296EDFA5F7E1}.Release|x86.ActiveCfg = Release|x86
		{AE03A0D0-2F76-476F-A1D5-296EDFA5F7E1}.Release|x86.Build.0 = Release|x86
	EndGlobalSection
	GlobalSection(SolutionProperties) = preSolution
		HideSolutionNode = FALSE
	EndGlobalSection
EndGlobal
